// !$*UTF8*$!
{
	archiveVersion = 1;
	classes = {
	};
	objectVersion = 46;
	objects = {

/* Begin PBXBuildFile section */
		5249B97E1D9055320002AC95 /* AppDelegate.swift in Sources */ = {isa = PBXBuildFile; fileRef = 5249B97D1D9055320002AC95 /* AppDelegate.swift */; };
		5249B9801D9055320002AC95 /* ViewController.swift in Sources */ = {isa = PBXBuildFile; fileRef = 5249B97F1D9055320002AC95 /* ViewController.swift */; };
		5249B9831D9055320002AC95 /* Main.storyboard in Resources */ = {isa = PBXBuildFile; fileRef = 5249B9811D9055320002AC95 /* Main.storyboard */; };
		5249B9851D9055320002AC95 /* Assets.xcassets in Resources */ = {isa = PBXBuildFile; fileRef = 5249B9841D9055320002AC95 /* Assets.xcassets */; };
		5249B9881D9055320002AC95 /* LaunchScreen.storyboard in Resources */ = {isa = PBXBuildFile; fileRef = 5249B9861D9055320002AC95 /* LaunchScreen.storyboard */; };
		5249B9911D906E1A0002AC95 /* CameraView.swift in Sources */ = {isa = PBXBuildFile; fileRef = 5249B9901D906E1A0002AC95 /* CameraView.swift */; };
		5249B9931D908DFA0002AC95 /* Extension.swift in Sources */ = {isa = PBXBuildFile; fileRef = 5249B9921D908DFA0002AC95 /* Extension.swift */; };
/* End PBXBuildFile section */

/* Begin PBXFileReference section */
		5249B97A1D9055320002AC95 /* LiveCamera.app */ = {isa = PBXFileReference; explicitFileType = wrapper.application; includeInIndex = 0; path = LiveCamera.app; sourceTree = BUILT_PRODUCTS_DIR; };
		5249B97D1D9055320002AC95 /* AppDelegate.swift */ = {isa = PBXFileReference; lastKnownFileType = sourcecode.swift; path = AppDelegate.swift; sourceTree = "<group>"; };
		5249B97F1D9055320002AC95 /* ViewController.swift */ = {isa = PBXFileReference; lastKnownFileType = sourcecode.swift; path = ViewController.swift; sourceTree = "<group>"; };
		5249B9821D9055320002AC95 /* Base */ = {isa = PBXFileReference; lastKnownFileType = file.storyboard; name = Base; path = Base.lproj/Main.storyboard; sourceTree = "<group>"; };
		5249B9841D9055320002AC95 /* Assets.xcassets */ = {isa = PBXFileReference; lastKnownFileType = folder.assetcatalog; path = Assets.xcassets; sourceTree = "<group>"; };
		5249B9871D9055320002AC95 /* Base */ = {isa = PBXFileReference; lastKnownFileType = file.storyboard; name = Base; path = Base.lproj/LaunchScreen.storyboard; sourceTree = "<group>"; };
		5249B9891D9055320002AC95 /* Info.plist */ = {isa = PBXFileReference; lastKnownFileType = text.plist.xml; path = Info.plist; sourceTree = "<group>"; };
		5249B9901D906E1A0002AC95 /* CameraView.swift */ = {isa = PBXFileReference; fileEncoding = 4; lastKnownFileType = sourcecode.swift; path = CameraView.swift; sourceTree = "<group>"; };
		5249B9921D908DFA0002AC95 /* Extension.swift */ = {isa = PBXFileReference; fileEncoding = 4; lastKnownFileType = sourcecode.swift; path = Extension.swift; sourceTree = "<group>"; };
/* End PBXFileReference section */

/* Begin PBXFrameworksBuildPhase section */
		5249B9771D9055320002AC95 /* Frameworks */ = {
			isa = PBXFrameworksBuildPhase;
			buildActionMask = 2147483647;
			files = (
			);
			runOnlyForDeploymentPostprocessing = 0;
		};
/* End PBXFrameworksBuildPhase section */

/* Begin PBXGroup section */
		5249B9711D9055320002AC95 = {
			isa = PBXGroup;
			children = (
				5249B97C1D9055320002AC95 /* LiveCamera */,
				5249B97B1D9055320002AC95 /* Products */,
			);
			sourceTree = "<group>";
		};
		5249B97B1D9055320002AC95 /* Products */ = {
			isa = PBXGroup;
			children = (
				5249B97A1D9055320002AC95 /* LiveCamera.app */,
			);
			name = Products;
			sourceTree = "<group>";
		};
		5249B97C1D9055320002AC95 /* LiveCamera */ = {
			isa = PBXGroup;
			children = (
				5249B98F1D906C1A0002AC95 /* Supporting Files */,
				5249B97F1D9055320002AC95 /* ViewController.swift */,
				5249B9921D908DFA0002AC95 /* Extension.swift */,
				5249B9901D906E1A0002AC95 /* CameraView.swift */,
			);
			path = LiveCamera;
			sourceTree = "<group>";
		};
		5249B98F1D906C1A0002AC95 /* Supporting Files */ = {
			isa = PBXGroup;
			children = (
				5249B97D1D9055320002AC95 /* AppDelegate.swift */,
				5249B9811D9055320002AC95 /* Main.storyboard */,
				5249B9841D9055320002AC95 /* Assets.xcassets */,
				5249B9861D9055320002AC95 /* LaunchScreen.storyboard */,
				5249B9891D9055320002AC95 /* Info.plist */,
			);
			name = "Supporting Files";
			sourceTree = "<group>";
		};
/* End PBXGroup section */

/* Begin PBXNativeTarget section */
		5249B9791D9055320002AC95 /* LiveCamera */ = {
			isa = PBXNativeTarget;
			buildConfigurationList = 5249B98C1D9055320002AC95 /* Build configuration list for PBXNativeTarget "LiveCamera" */;
			buildPhases = (
				5249B9761D9055320002AC95 /* Sources */,
				5249B9771D9055320002AC95 /* Frameworks */,
				5249B9781D9055320002AC95 /* Resources */,
			);
			buildRules = (
			);
			dependencies = (
			);
			name = LiveCamera;
			productName = LiveCamera;
			productReference = 5249B97A1D9055320002AC95 /* LiveCamera.app */;
			productType = "com.apple.product-type.application";
		};
/* End PBXNativeTarget section */

/* Begin PBXProject section */
		5249B9721D9055320002AC95 /* Project object */ = {
			isa = PBXProject;
			attributes = {
				LastSwiftUpdateCheck = 0800;
				LastUpgradeCheck = 0800;
				ORGANIZATIONNAME = WWITDC;
				TargetAttributes = {
					5249B9791D9055320002AC95 = {
						CreatedOnToolsVersion = 8.0;
						DevelopmentTeam = 2H866F22W7;
						ProvisioningStyle = Automatic;
					};
				};
			};
			buildConfigurationList = 5249B9751D9055320002AC95 /* Build configuration list for PBXProject "LiveCamera" */;
			compatibilityVersion = "Xcode 3.2";
			developmentRegion = English;
			hasScannedForEncodings = 0;
			knownRegions = (
				en,
				Base,
			);
			mainGroup = 5249B9711D9055320002AC95;
			productRefGroup = 5249B97B1D9055320002AC95 /* Products */;
			projectDirPath = "";
			projectRoot = "";
			targets = (
				5249B9791D9055320002AC95 /* LiveCamera */,
			);
		};
/* End PBXProject section */

/* Begin PBXResourcesBuildPhase section */
		5249B9781D9055320002AC95 /* Resources */ = {
			isa = PBXResourcesBuildPhase;
			buildActionMask = 2147483647;
			files = (
				5249B9881D9055320002AC95 /* LaunchScreen.storyboard in Resources */,
				5249B9851D9055320002AC95 /* Assets.xcassets in Resources */,
				5249B9831D9055320002AC95 /* Main.storyboard in Resources */,
			);
			runOnlyForDeploymentPostprocessing = 0;
		};
/* End PBXResourcesBuildPhase section */

/* Begin PBXSourcesBuildPhase section */
		5249B9761D9055320002AC95 /* Sources */ = {
			isa = PBXSourcesBuildPhase;
			buildActionMask = 2147483647;
			files = (
				5249B9911D906E1A0002AC95 /* CameraView.swift in Sources */,
				5249B9801D9055320002AC95 /* ViewController.swift in Sources */,
				5249B97E1D9055320002AC95 /* AppDelegate.swift in Sources */,
				5249B9931D908DFA0002AC95 /* Extension.swift in Sources */,
			);
			runOnlyForDeploymentPostprocessing = 0;
		};
/* End PBXSourcesBuildPhase section */

/* Begin PBXVariantGroup section */
		5249B9811D9055320002AC95 /* Main.storyboard */ = {
			isa = PBXVariantGroup;
			children = (
				5249B9821D9055320002AC95 /* Base */,
			);
			name = Main.storyboard;
			sourceTree = "<group>";
		};
		5249B9861D9055320002AC95 /* LaunchScreen.storyboard */ = {
			isa = PBXVariantGroup;
			children = (
				5249B9871D9055320002AC95 /* Base */,
			);
			name = LaunchScreen.storyboard;
			sourceTree = "<group>";
		};
/* End PBXVariantGroup section */

/* Begin XCBuildConfiguration section */
		5249B98A1D9055320002AC95 /* Debug */ = {
			isa = XCBuildConfiguration;
			buildSettings = {
				ALWAYS_SEARCH_USER_PATHS = NO;
				CLANG_ANALYZER_NONNULL = YES;
				CLANG_CXX_LANGUAGE_STANDARD = "gnu++0x";
				CLANG_CXX_LIBRARY = "libc++";
				CLANG_ENABLE_MODULES = YES;
				CLANG_ENABLE_OBJC_ARC = YES;
				CLANG_WARN_BOOL_CONVERSION = YES;
				CLANG_WARN_CONSTANT_CONVERSION = YES;
				CLANG_WARN_DIRECT_OBJC_ISA_USAGE = YES_ERROR;
				CLANG_WARN_DOCUMENTATION_COMMENTS = YES;
				CLANG_WARN_EMPTY_BODY = YES;
				CLANG_WARN_ENUM_CONVERSION = YES;
				CLANG_WARN_INFINITE_RECURSION = YES;
				CLANG_WARN_INT_CONVERSION = YES;
				CLANG_WARN_OBJC_ROOT_CLASS = YES_ERROR;
				CLANG_WARN_SUSPICIOUS_MOVES = YES;
				CLANG_WARN_UNREACHABLE_CODE = YES;
				CLANG_WARN__DUPLICATE_METHOD_MATCH = YES;
				"CODE_SIGN_IDENTITY[sdk=iphoneos*]" = "iPhone Developer";
				COPY_PHASE_STRIP = NO;
				DEBUG_INFORMATION_FORMAT = dwarf;
				ENABLE_STRICT_OBJC_MSGSEND = YES;
				ENABLE_TESTABILITY = YES;
				GCC_C_LANGUAGE_STANDARD = gnu99;
				GCC_DYNAMIC_NO_PIC = NO;
				GCC_NO_COMMON_BLOCKS = YES;
				GCC_OPTIMIZATION_LEVEL = 0;
				GCC_PREPROCESSOR_DEFINITIONS = (
					"DEBUG=1",
					"$(inherited)",
				);
				GCC_WARN_64_TO_32_BIT_CONVERSION = YES;
				GCC_WARN_ABOUT_RETURN_TYPE = YES_ERROR;
				GCC_WARN_UNDECLARED_SELECTOR = YES;
				GCC_WARN_UNINITIALIZED_AUTOS = YES_AGGRESSIVE;
				GCC_WARN_UNUSED_FUNCTION = YES;
				GCC_WARN_UNUSED_VARIABLE = YES;
				IPHONEOS_DEPLOYMENT_TARGET = 10.0;
				MTL_ENABLE_DEBUG_INFO = YES;
				ONLY_ACTIVE_ARCH = YES;
				SDKROOT = iphoneos;
				SWIFT_ACTIVE_COMPILATION_CONDITIONS = DEBUG;
				SWIFT_OPTIMIZATION_LEVEL = "-Onone";
				TARGETED_DEVICE_FAMILY = "1,2";
			};
			name = Debug;
		};
		5249B98B1D9055320002AC95 /* Release */ = {
			isa = XCBuildConfiguration;
			buildSettings = {
				ALWAYS_SEARCH_USER_PATHS = NO;
				CLANG_ANALYZER_NONNULL = YES;
				CLANG_CXX_LANGUAGE_STANDARD = "gnu++0x";
				CLANG_CXX_LIBRARY = "libc++";
				CLANG_ENABLE_MODULES = YES;
				CLANG_ENABLE_OBJC_ARC = YES;
				CLANG_WARN_BOOL_CONVERSION = YES;
				CLANG_WARN_CONSTANT_CONVERSION = YES;
				CLANG_WARN_DIRECT_OBJC_ISA_USAGE = YES_ERROR;
				CLANG_WARN_DOCUMENTATION_COMMENTS = YES;
				CLANG_WARN_EMPTY_BODY = YES;
				CLANG_WARN_ENUM_CONVERSION = YES;
				CLANG_WARN_INFINITE_RECURSION = YES;
				CLANG_WARN_INT_CONVERSION = YES;
				CLANG_WARN_OBJC_ROOT_CLASS = YES_ERROR;
				CLANG_WARN_SUSPICIOUS_MOVES = YES;
				CLANG_WARN_UNREACHABLE_CODE = YES;
				CLANG_WARN__DUPLICATE_METHOD_MATCH = YES;
				"CODE_SIGN_IDENTITY[sdk=iphoneos*]" = "iPhone Developer";
				COPY_PHASE_STRIP = NO;
				DEBUG_INFORMATION_FORMAT = "dwarf-with-dsym";
				ENABLE_NS_ASSERTIONS = NO;
				ENABLE_STRICT_OBJC_MSGSEND = YES;
				GCC_C_LANGUAGE_STANDARD = gnu99;
				GCC_NO_COMMON_BLOCKS = YES;
				GCC_WARN_64_TO_32_BIT_CONVERSION = YES;
				GCC_WARN_ABOUT_RETURN_TYPE = YES_ERROR;
				GCC_WARN_UNDECLARED_SELECTOR = YES;
				GCC_WARN_UNINITIALIZED_AUTOS = YES_AGGRESSIVE;
				GCC_WARN_UNUSED_FUNCTION = YES;
				GCC_WARN_UNUSED_VARIABLE = YES;
				IPHONEOS_DEPLOYMENT_TARGET = 10.0;
				MTL_ENABLE_DEBUG_INFO = NO;
				SDKROOT = iphoneos;
				SWIFT_OPTIMIZATION_LEVEL = "-Owholemodule";
				TARGETED_DEVICE_FAMILY = "1,2";
				VALIDATE_PRODUCT = YES;
			};
			name = Release;
		};
		5249B98D1D9055320002AC95 /* Debug */ = {
			isa = XCBuildConfiguration;
			buildSettings = {
				ASSETCATALOG_COMPILER_APPICON_NAME = AppIcon;
				DEVELOPMENT_TEAM = 2H866F22W7;
				INFOPLIST_FILE = LiveCamera/Info.plist;
				IPHONEOS_DEPLOYMENT_TARGET = 8.1;
				LD_RUNPATH_SEARCH_PATHS = "$(inherited) @executable_path/Frameworks";
				PRODUCT_BUNDLE_IDENTIFIER = com.wwitdc.apollo.LiveCamera;
				PRODUCT_NAME = "$(TARGET_NAME)";
				SWIFT_VERSION = 3.0;
			};
			name = Debug;
		};
		5249B98E1D9055320002AC95 /* Release */ = {
			isa = XCBuildConfiguration;
			buildSettings = {
				ASSETCATALOG_COMPILER_APPICON_NAME = AppIcon;
				DEVELOPMENT_TEAM = 2H866F22W7;
				INFOPLIST_FILE = LiveCamera/Info.plist;
				IPHONEOS_DEPLOYMENT_TARGET = 8.1;
				LD_RUNPATH_SEARCH_PATHS = "$(inherited) @executable_path/Frameworks";
				PRODUCT_BUNDLE_IDENTIFIER = com.wwitdc.apollo.LiveCamera;
				PRODUCT_NAME = "$(TARGET_NAME)";
				SWIFT_VERSION = 3.0;
			};
			name = Release;
		};
/* End XCBuildConfiguration section */

/* Begin XCConfigurationList section */
		5249B9751D9055320002AC95 /* Build configuration list for PBXProject "LiveCamera" */ = {
			isa = XCConfigurationList;
			buildConfigurations = (
				5249B98A1D9055320002AC95 /* Debug */,
				5249B98B1D9055320002AC95 /* Release */,
			);
			defaultConfigurationIsVisible = 0;
			defaultConfigurationName = Release;
		};
		5249B98C1D9055320002AC95 /* Build configuration list for PBXNativeTarget "LiveCamera" */ = {
			isa = XCConfigurationList;
			buildConfigurations = (
				5249B98D1D9055320002AC95 /* Debug */,
				5249B98E1D9055320002AC95 /* Release */,
			);
			defaultConfigurationIsVisible = 0;
		};
/* End XCConfigurationList section */
	};
	rootObject = 5249B9721D9055320002AC95 /* Project object */;
}
